
Microsoft Visual Studio Solution File, Format Version 12.00
# Visual Studio Version 17
VisualStudioVersion = 17.7.34009.444
MinimumVisualStudioVersion = 10.0.40219.1
Project("{9A19103F-16F7-4668-BE54-9A1E7A4F7556}") = "ODExplorer", "ODExplorer\ODExplorer.csproj", "{539BADA7-2D2B-4737-AA28-6E3C4E166BD1}"
EndProject
Project("{9A19103F-16F7-4668-BE54-9A1E7A4F7556}") = "ODUtils", "D:\ODrepos\ODUtils\ODUtils.csproj", "{0217DA76-E774-4381-A34A-787BDA192BFB}"
EndProject
Project("{FAE04EC0-301F-11D3-BF4B-00C04F79EFBC}") = "ODUtilsTests", "D:\ODrepos\ODUtilsTests\ODUtilsTests.csproj", "{BE3C47C9-97A1-4119-9710-5E938F8CC54E}"
EndProject
Project("{FAE04EC0-301F-11D3-BF4B-00C04F79EFBC}") = "EliteJournalReader", "F:\GitHub\EliteJournalReader\EliteJournalReader\EliteJournalReader.csproj", "{199FD349-94BA-0D3B-0F4B-9882697BFED1}"
EndProject
Project("{FAE04EC0-301F-11D3-BF4B-00C04F79EFBC}") = "ToastNotifications", "D:\ODrepos\ToastNotifications\Src\ToastNotifications\ToastNotifications.csproj", "{3500BC5E-5BD8-B8BA-DE67-B835E49FCAB3}"
EndProject
Global
	GlobalSection(SolutionConfigurationPlatforms) = preSolution
		Debug|Any CPU = Debug|Any CPU
		Install|Any CPU = Install|Any CPU
		Portable|Any CPU = Portable|Any CPU
		Release|Any CPU = Release|Any CPU
	EndGlobalSection
	GlobalSection(ProjectConfigurationPlatforms) = postSolution
		{539BADA7-2D2B-4737-AA28-6E3C4E166BD1}.Debug|Any CPU.ActiveCfg = Debug|Any CPU
		{539BADA7-2D2B-4737-AA28-6E3C4E166BD1}.Debug|Any CPU.Build.0 = Debug|Any CPU
		{539BADA7-2D2B-4737-AA28-6E3C4E166BD1}.Install|Any CPU.ActiveCfg = Install|Any CPU
		{539BADA7-2D2B-4737-AA28-6E3C4E166BD1}.Install|Any CPU.Build.0 = Install|Any CPU
		{539BADA7-2D2B-4737-AA28-6E3C4E166BD1}.Portable|Any CPU.ActiveCfg = Portable|Any CPU
		{539BADA7-2D2B-4737-AA28-6E3C4E166BD1}.Portable|Any CPU.Build.0 = Portable|Any CPU
		{539BADA7-2D2B-4737-AA28-6E3C4E166BD1}.Release|Any CPU.ActiveCfg = Release|Any CPU
		{539BADA7-2D2B-4737-AA28-6E3C4E166BD1}.Release|Any CPU.Build.0 = Release|Any CPU
		{0217DA76-E774-4381-A34A-787BDA192BFB}.Debug|Any CPU.ActiveCfg = Debug|Any CPU
		{0217DA76-E774-4381-A34A-787BDA192BFB}.Debug|Any CPU.Build.0 = Debug|Any CPU
		{0217DA76-E774-4381-A34A-787BDA192BFB}.Install|Any CPU.ActiveCfg = Release|Any CPU
		{0217DA76-E774-4381-A34A-787BDA192BFB}.Install|Any CPU.Build.0 = Release|Any CPU
		{0217DA76-E774-4381-A34A-787BDA192BFB}.Portable|Any CPU.ActiveCfg = Debug|Any CPU
		{0217DA76-E774-4381-A34A-787BDA192BFB}.Portable|Any CPU.Build.0 = Debug|Any CPU
		{0217DA76-E774-4381-A34A-787BDA192BFB}.Release|Any CPU.ActiveCfg = Release|Any CPU
		{0217DA76-E774-4381-A34A-787BDA192BFB}.Release|Any CPU.Build.0 = Release|Any CPU
		{BE3C47C9-97A1-4119-9710-5E938F8CC54E}.Debug|Any CPU.ActiveCfg = Debug|Any CPU
		{BE3C47C9-97A1-4119-9710-5E938F8CC54E}.Debug|Any CPU.Build.0 = Debug|Any CPU
		{BE3C47C9-97A1-4119-9710-5E938F8CC54E}.Install|Any CPU.ActiveCfg = Debug|Any CPU
		{BE3C47C9-97A1-4119-9710-5E938F8CC54E}.Portable|Any CPU.ActiveCfg = Debug|Any CPU
		{BE3C47C9-97A1-4119-9710-5E938F8CC54E}.Portable|Any CPU.Build.0 = Debug|Any CPU
		{BE3C47C9-97A1-4119-9710-5E938F8CC54E}.Release|Any CPU.ActiveCfg = Release|Any CPU
		{BE3C47C9-97A1-4119-9710-5E938F8CC54E}.Release|Any CPU.Build.0 = Release|Any CPU
		{199FD349-94BA-0D3B-0F4B-9882697BFED1}.Debug|Any CPU.ActiveCfg = Debug|Any CPU
		{199FD349-94BA-0D3B-0F4B-9882697BFED1}.Debug|Any CPU.Build.0 = Debug|Any CPU
		{199FD349-94BA-0D3B-0F4B-9882697BFED1}.Install|Any CPU.ActiveCfg = Install|Any CPU
		{199FD349-94BA-0D3B-0F4B-9882697BFED1}.Install|Any CPU.Build.0 = Install|Any CPU
		{199FD349-94BA-0D3B-0F4B-9882697BFED1}.Portable|Any CPU.ActiveCfg = Portable|Any CPU
		{199FD349-94BA-0D3B-0F4B-9882697BFED1}.Portable|Any CPU.Build.0 = Portable|Any CPU
		{199FD349-94BA-0D3B-0F4B-9882697BFED1}.Release|Any CPU.ActiveCfg = Release|Any CPU
		{199FD349-94BA-0D3B-0F4B-9882697BFED1}.Release|Any CPU.Build.0 = Release|Any CPU
		{3500BC5E-5BD8-B8BA-DE67-B835E49FCAB3}.Debug|Any CPU.ActiveCfg = Debug|Any CPU
		{3500BC5E-5BD8-B8BA-DE67-B835E49FCAB3}.Debug|Any CPU.Build.0 = Debug|Any CPU
		{3500BC5E-5BD8-B8BA-DE67-B835E49FCAB3}.Install|Any CPU.ActiveCfg = Install|Any CPU
		{3500BC5E-5BD8-B8BA-DE67-B835E49FCAB3}.Install|Any CPU.Build.0 = Install|Any CPU
		{3500BC5E-5BD8-B8BA-DE67-B835E49FCAB3}.Portable|Any CPU.ActiveCfg = Debug|Any CPU
		{3500BC5E-5BD8-B8BA-DE67-B835E49FCAB3}.Portable|Any CPU.Build.0 = Debug|Any CPU
		{3500BC5E-5BD8-B8BA-DE67-B835E49FCAB3}.Release|Any CPU.ActiveCfg = Release|Any CPU
		{3500BC5E-5BD8-B8BA-DE67-B835E49FCAB3}.Release|Any CPU.Build.0 = Release|Any CPU
	EndGlobalSection
	GlobalSection(SolutionProperties) = preSolution
		HideSolutionNode = FALSE
	EndGlobalSection
	GlobalSection(ExtensibilityGlobals) = postSolution
		SolutionGuid = {95CD9967-AA31-499D-9C4E-BB5C0526FA07}
	EndGlobalSection
EndGlobal
